
Microsoft Visual Studio Solution File, Format Version 12.00
# Visual Studio 15
VisualStudioVersion = 15.0.26730.15
MinimumVisualStudioVersion = 10.0.40219.1
Project("{FAE04EC0-301F-11D3-BF4B-00C04F79EFBC}") = "LearnDesign_Pattern", "LearnDesign_Pattern\LearnDesign_Pattern.csproj", "{A985FF53-A0B2-46A0-AE7D-B73EB4F74FBD}"
EndProject
Global
	GlobalSection(SolutionConfigurationPlatforms) = preSolution
		Debug|Any CPU = Debug|Any CPU
		Release|Any CPU = Release|Any CPU
	EndGlobalSection
	GlobalSection(ProjectConfigurationPlatforms) = postSolution
		{A985FF53-A0B2-46A0-AE7D-B73EB4F74FBD}.Debug|Any CPU.ActiveCfg = Debug|Any CPU
		{A985FF53-A0B2-46A0-AE7D-B73EB4F74FBD}.Debug|Any CPU.Build.0 = Debug|Any CPU
		{A985FF53-A0B2-46A0-AE7D-B73EB4F74FBD}.Release|Any CPU.ActiveCfg = Release|Any CPU
		{A985FF53-A0B2-46A0-AE7D-B73EB4F74FBD}.Release|Any CPU.Build.0 = Release|Any CPU
	EndGlobalSection
	GlobalSection(SolutionProperties) = preSolution
		HideSolutionNode = FALSE
	EndGlobalSection
	GlobalSection(ExtensibilityGlobals) = postSolution
		SolutionGuid = {DD4DF9EE-901A-4979-9509-7B3865A918A5}
	EndGlobalSection
EndGlobal
